
Microsoft Visual Studio Solution File, Format Version 12.00
# Visual Studio 2013
VisualStudioVersion = 12.0.21005.1
MinimumVisualStudioVersion = 10.0.40219.1
Project("{FAE04EC0-301F-11D3-BF4B-00C04F79EFBC}") = "Minesweeper", "Minesweeper\Minesweeper.csproj", "{2184CA1E-8967-47F6-800C-7E7473CD4253}"
EndProject
Project("{FAE04EC0-301F-11D3-BF4B-00C04F79EFBC}") = "Minesweeper.Tests", "Minesweeper.Tests\Minesweeper.Tests.csproj", "{177D80DD-1C6F-445E-B285-3A5052D97E05}"
EndProject
Project("{FAE04EC0-301F-11D3-BF4B-00C04F79EFBC}") = "Minesweeper.Models", "Minesweeper.Models\Minesweeper.Models.csproj", "{3A74D258-F967-4808-89C3-DA72DFBAEEDA}"
EndProject
Project("{FAE04EC0-301F-11D3-BF4B-00C04F79EFBC}") = "Minesweeper.Client", "Minesweeper.Client\Minesweeper.Client.csproj", "{144B6820-4139-47D6-AE1A-CD54CF79FC57}"
EndProject
Global
	GlobalSection(SolutionConfigurationPlatforms) = preSolution
		Debug|Any CPU = Debug|Any CPU
		Release|Any CPU = Release|Any CPU
	EndGlobalSection
	GlobalSection(ProjectConfigurationPlatforms) = postSolution
		{2184CA1E-8967-47F6-800C-7E7473CD4253}.Debug|Any CPU.ActiveCfg = Debug|Any CPU
		{2184CA1E-8967-47F6-800C-7E7473CD4253}.Debug|Any CPU.Build.0 = Debug|Any CPU
		{2184CA1E-8967-47F6-800C-7E7473CD4253}.Release|Any CPU.ActiveCfg = Release|Any CPU
		{2184CA1E-8967-47F6-800C-7E7473CD4253}.Release|Any CPU.Build.0 = Release|Any CPU
		{177D80DD-1C6F-445E-B285-3A5052D97E05}.Debug|Any CPU.ActiveCfg = Debug|Any CPU
		{177D80DD-1C6F-445E-B285-3A5052D97E05}.Debug|Any CPU.Build.0 = Debug|Any CPU
		{177D80DD-1C6F-445E-B285-3A5052D97E05}.Release|Any CPU.ActiveCfg = Release|Any CPU
		{177D80DD-1C6F-445E-B285-3A5052D97E05}.Release|Any CPU.Build.0 = Release|Any CPU
		{3A74D258-F967-4808-89C3-DA72DFBAEEDA}.Debug|Any CPU.ActiveCfg = Debug|Any CPU
		{3A74D258-F967-4808-89C3-DA72DFBAEEDA}.Debug|Any CPU.Build.0 = Debug|Any CPU
		{3A74D258-F967-4808-89C3-DA72DFBAEEDA}.Release|Any CPU.ActiveCfg = Release|Any CPU
		{3A74D258-F967-4808-89C3-DA72DFBAEEDA}.Release|Any CPU.Build.0 = Release|Any CPU
		{144B6820-4139-47D6-AE1A-CD54CF79FC57}.Debug|Any CPU.ActiveCfg = Debug|Any CPU
		{144B6820-4139-47D6-AE1A-CD54CF79FC57}.Debug|Any CPU.Build.0 = Debug|Any CPU
		{144B6820-4139-47D6-AE1A-CD54CF79FC57}.Release|Any CPU.ActiveCfg = Release|Any CPU
		{144B6820-4139-47D6-AE1A-CD54CF79FC57}.Release|Any CPU.Build.0 = Release|Any CPU
	EndGlobalSection
	GlobalSection(SolutionProperties) = preSolution
		HideSolutionNode = FALSE
	EndGlobalSection
EndGlobal
